// !$*UTF8*$!
{
	archiveVersion = 1;
	classes = {
	};
	objectVersion = 56;
	objects = {

/* Begin PBXBuildFile section */
		E4F0D6E12A6DB5FA0018FB4E /* swift_concurrency_by_exampleApp.swift in Sources */ = {isa = PBXBuildFile; fileRef = E4F0D6E02A6DB5FA0018FB4E /* swift_concurrency_by_exampleApp.swift */; };
		E4F0D6E32A6DB5FA0018FB4E /* ContentView.swift in Sources */ = {isa = PBXBuildFile; fileRef = E4F0D6E22A6DB5FA0018FB4E /* ContentView.swift */; };
		E4F0D6E52A6DB5FB0018FB4E /* Assets.xcassets in Resources */ = {isa = PBXBuildFile; fileRef = E4F0D6E42A6DB5FB0018FB4E /* Assets.xcassets */; };
		E4F0D6E82A6DB5FB0018FB4E /* Preview Assets.xcassets in Resources */ = {isa = PBXBuildFile; fileRef = E4F0D6E72A6DB5FB0018FB4E /* Preview Assets.xcassets */; };
		E4F0D6F22A6DB5FB0018FB4E /* swift_concurrency_by_exampleTests.swift in Sources */ = {isa = PBXBuildFile; fileRef = E4F0D6F12A6DB5FB0018FB4E /* swift_concurrency_by_exampleTests.swift */; };
		E4F0D6FC2A6DB5FB0018FB4E /* swift_concurrency_by_exampleUITests.swift in Sources */ = {isa = PBXBuildFile; fileRef = E4F0D6FB2A6DB5FB0018FB4E /* swift_concurrency_by_exampleUITests.swift */; };
		E4F0D6FE2A6DB5FB0018FB4E /* swift_concurrency_by_exampleUITestsLaunchTests.swift in Sources */ = {isa = PBXBuildFile; fileRef = E4F0D6FD2A6DB5FB0018FB4E /* swift_concurrency_by_exampleUITestsLaunchTests.swift */; };
		E4F0D70C2A6DBFCE0018FB4E /* Chapter1.swift in Sources */ = {isa = PBXBuildFile; fileRef = E4F0D70B2A6DBFCE0018FB4E /* Chapter1.swift */; };
		E4F0D7102A6DC38A0018FB4E /* Chapter2.swift in Sources */ = {isa = PBXBuildFile; fileRef = E4F0D70F2A6DC38A0018FB4E /* Chapter2.swift */; };
		E4F0D7122A6DC6320018FB4E /* ContentVIewModel.swift in Sources */ = {isa = PBXBuildFile; fileRef = E4F0D7112A6DC6320018FB4E /* ContentVIewModel.swift */; };
/* End PBXBuildFile section */

/* Begin PBXContainerItemProxy section */
		E4F0D6EE2A6DB5FB0018FB4E /* PBXContainerItemProxy */ = {
			isa = PBXContainerItemProxy;
			containerPortal = E4F0D6D52A6DB5FA0018FB4E /* Project object */;
			proxyType = 1;
			remoteGlobalIDString = E4F0D6DC2A6DB5FA0018FB4E;
			remoteInfo = "swift-concurrency-by-example";
		};
		E4F0D6F82A6DB5FB0018FB4E /* PBXContainerItemProxy */ = {
			isa = PBXContainerItemProxy;
			containerPortal = E4F0D6D52A6DB5FA0018FB4E /* Project object */;
			proxyType = 1;
			remoteGlobalIDString = E4F0D6DC2A6DB5FA0018FB4E;
			remoteInfo = "swift-concurrency-by-example";
		};
/* End PBXContainerItemProxy section */

/* Begin PBXFileReference section */
		E4F0D6DD2A6DB5FA0018FB4E /* swift-concurrency-by-example.app */ = {isa = PBXFileReference; explicitFileType = wrapper.application; includeInIndex = 0; path = "swift-concurrency-by-example.app"; sourceTree = BUILT_PRODUCTS_DIR; };
		E4F0D6E02A6DB5FA0018FB4E /* swift_concurrency_by_exampleApp.swift */ = {isa = PBXFileReference; lastKnownFileType = sourcecode.swift; path = swift_concurrency_by_exampleApp.swift; sourceTree = "<group>"; };
		E4F0D6E22A6DB5FA0018FB4E /* ContentView.swift */ = {isa = PBXFileReference; lastKnownFileType = sourcecode.swift; path = ContentView.swift; sourceTree = "<group>"; };
		E4F0D6E42A6DB5FB0018FB4E /* Assets.xcassets */ = {isa = PBXFileReference; lastKnownFileType = folder.assetcatalog; path = Assets.xcassets; sourceTree = "<group>"; };
		E4F0D6E72A6DB5FB0018FB4E /* Preview Assets.xcassets */ = {isa = PBXFileReference; lastKnownFileType = folder.assetcatalog; path = "Preview Assets.xcassets"; sourceTree = "<group>"; };
		E4F0D6ED2A6DB5FB0018FB4E /* swift-concurrency-by-exampleTests.xctest */ = {isa = PBXFileReference; explicitFileType = wrapper.cfbundle; includeInIndex = 0; path = "swift-concurrency-by-exampleTests.xctest"; sourceTree = BUILT_PRODUCTS_DIR; };
		E4F0D6F12A6DB5FB0018FB4E /* swift_concurrency_by_exampleTests.swift */ = {isa = PBXFileReference; lastKnownFileType = sourcecode.swift; path = swift_concurrency_by_exampleTests.swift; sourceTree = "<group>"; };
		E4F0D6F72A6DB5FB0018FB4E /* swift-concurrency-by-exampleUITests.xctest */ = {isa = PBXFileReference; explicitFileType = wrapper.cfbundle; includeInIndex = 0; path = "swift-concurrency-by-exampleUITests.xctest"; sourceTree = BUILT_PRODUCTS_DIR; };
		E4F0D6FB2A6DB5FB0018FB4E /* swift_concurrency_by_exampleUITests.swift */ = {isa = PBXFileReference; lastKnownFileType = sourcecode.swift; path = swift_concurrency_by_exampleUITests.swift; sourceTree = "<group>"; };
		E4F0D6FD2A6DB5FB0018FB4E /* swift_concurrency_by_exampleUITestsLaunchTests.swift */ = {isa = PBXFileReference; lastKnownFileType = sourcecode.swift; path = swift_concurrency_by_exampleUITestsLaunchTests.swift; sourceTree = "<group>"; };
		E4F0D70B2A6DBFCE0018FB4E /* Chapter1.swift */ = {isa = PBXFileReference; lastKnownFileType = sourcecode.swift; path = Chapter1.swift; sourceTree = "<group>"; };
		E4F0D70F2A6DC38A0018FB4E /* Chapter2.swift */ = {isa = PBXFileReference; lastKnownFileType = sourcecode.swift; path = Chapter2.swift; sourceTree = "<group>"; };
		E4F0D7112A6DC6320018FB4E /* ContentVIewModel.swift */ = {isa = PBXFileReference; lastKnownFileType = sourcecode.swift; path = ContentVIewModel.swift; sourceTree = "<group>"; };
/* End PBXFileReference section */

/* Begin PBXFrameworksBuildPhase section */
		E4F0D6DA2A6DB5FA0018FB4E /* Frameworks */ = {
			isa = PBXFrameworksBuildPhase;
			buildActionMask = 2147483647;
			files = (
			);
			runOnlyForDeploymentPostprocessing = 0;
		};
		E4F0D6EA2A6DB5FB0018FB4E /* Frameworks */ = {
			isa = PBXFrameworksBuildPhase;
			buildActionMask = 2147483647;
			files = (
			);
			runOnlyForDeploymentPostprocessing = 0;
		};
		E4F0D6F42A6DB5FB0018FB4E /* Frameworks */ = {
			isa = PBXFrameworksBuildPhase;
			buildActionMask = 2147483647;
			files = (
			);
			runOnlyForDeploymentPostprocessing = 0;
		};
/* End PBXFrameworksBuildPhase section */

/* Begin PBXGroup section */
		E4F0D6D42A6DB5FA0018FB4E = {
			isa = PBXGroup;
			children = (
				E4F0D6DF2A6DB5FA0018FB4E /* swift-concurrency-by-example */,
				E4F0D6F02A6DB5FB0018FB4E /* swift-concurrency-by-exampleTests */,
				E4F0D6FA2A6DB5FB0018FB4E /* swift-concurrency-by-exampleUITests */,
				E4F0D6DE2A6DB5FA0018FB4E /* Products */,
			);
			sourceTree = "<group>";
		};
		E4F0D6DE2A6DB5FA0018FB4E /* Products */ = {
			isa = PBXGroup;
			children = (
				E4F0D6DD2A6DB5FA0018FB4E /* swift-concurrency-by-example.app */,
				E4F0D6ED2A6DB5FB0018FB4E /* swift-concurrency-by-exampleTests.xctest */,
				E4F0D6F72A6DB5FB0018FB4E /* swift-concurrency-by-exampleUITests.xctest */,
			);
			name = Products;
			sourceTree = "<group>";
		};
		E4F0D6DF2A6DB5FA0018FB4E /* swift-concurrency-by-example */ = {
			isa = PBXGroup;
			children = (
				E4F0D6E02A6DB5FA0018FB4E /* swift_concurrency_by_exampleApp.swift */,
				E4F0D6E22A6DB5FA0018FB4E /* ContentView.swift */,
				E4F0D7112A6DC6320018FB4E /* ContentVIewModel.swift */,
				E4F0D6E42A6DB5FB0018FB4E /* Assets.xcassets */,
				E4F0D6E62A6DB5FB0018FB4E /* Preview Content */,
				E4F0D70A2A6DB8C20018FB4E /* Chapters */,
			);
			path = "swift-concurrency-by-example";
			sourceTree = "<group>";
		};
		E4F0D6E62A6DB5FB0018FB4E /* Preview Content */ = {
			isa = PBXGroup;
			children = (
				E4F0D6E72A6DB5FB0018FB4E /* Preview Assets.xcassets */,
			);
			path = "Preview Content";
			sourceTree = "<group>";
		};
		E4F0D6F02A6DB5FB0018FB4E /* swift-concurrency-by-exampleTests */ = {
			isa = PBXGroup;
			children = (
				E4F0D6F12A6DB5FB0018FB4E /* swift_concurrency_by_exampleTests.swift */,
			);
			path = "swift-concurrency-by-exampleTests";
			sourceTree = "<group>";
		};
		E4F0D6FA2A6DB5FB0018FB4E /* swift-concurrency-by-exampleUITests */ = {
			isa = PBXGroup;
			children = (
				E4F0D6FB2A6DB5FB0018FB4E /* swift_concurrency_by_exampleUITests.swift */,
				E4F0D6FD2A6DB5FB0018FB4E /* swift_concurrency_by_exampleUITestsLaunchTests.swift */,
			);
			path = "swift-concurrency-by-exampleUITests";
			sourceTree = "<group>";
		};
		E4F0D70A2A6DB8C20018FB4E /* Chapters */ = {
			isa = PBXGroup;
			children = (
				E4F0D70E2A6DC37D0018FB4E /* Chapter2 */,
				E4F0D70D2A6DBFD80018FB4E /* Chapter1 */,
			);
			path = Chapters;
			sourceTree = "<group>";
		};
		E4F0D70D2A6DBFD80018FB4E /* Chapter1 */ = {
			isa = PBXGroup;
			children = (
				E4F0D70B2A6DBFCE0018FB4E /* Chapter1.swift */,
			);
			path = Chapter1;
			sourceTree = "<group>";
		};
		E4F0D70E2A6DC37D0018FB4E /* Chapter2 */ = {
			isa = PBXGroup;
			children = (
				E4F0D70F2A6DC38A0018FB4E /* Chapter2.swift */,
			);
			path = Chapter2;
			sourceTree = "<group>";
		};
/* End PBXGroup section */

/* Begin PBXNativeTarget section */
		E4F0D6DC2A6DB5FA0018FB4E /* swift-concurrency-by-example */ = {
			isa = PBXNativeTarget;
			buildConfigurationList = E4F0D7012A6DB5FB0018FB4E /* Build configuration list for PBXNativeTarget "swift-concurrency-by-example" */;
			buildPhases = (
				E4F0D6D92A6DB5FA0018FB4E /* Sources */,
				E4F0D6DA2A6DB5FA0018FB4E /* Frameworks */,
				E4F0D6DB2A6DB5FA0018FB4E /* Resources */,
			);
			buildRules = (
			);
			dependencies = (
			);
			name = "swift-concurrency-by-example";
			productName = "swift-concurrency-by-example";
			productReference = E4F0D6DD2A6DB5FA0018FB4E /* swift-concurrency-by-example.app */;
			productType = "com.apple.product-type.application";
		};
		E4F0D6EC2A6DB5FB0018FB4E /* swift-concurrency-by-exampleTests */ = {
			isa = PBXNativeTarget;
			buildConfigurationList = E4F0D7042A6DB5FB0018FB4E /* Build configuration list for PBXNativeTarget "swift-concurrency-by-exampleTests" */;
			buildPhases = (
				E4F0D6E92A6DB5FB0018FB4E /* Sources */,
				E4F0D6EA2A6DB5FB0018FB4E /* Frameworks */,
				E4F0D6EB2A6DB5FB0018FB4E /* Resources */,
			);
			buildRules = (
			);
			dependencies = (
				E4F0D6EF2A6DB5FB0018FB4E /* PBXTargetDependency */,
			);
			name = "swift-concurrency-by-exampleTests";
			productName = "swift-concurrency-by-exampleTests";
			productReference = E4F0D6ED2A6DB5FB0018FB4E /* swift-concurrency-by-exampleTests.xctest */;
			productType = "com.apple.product-type.bundle.unit-test";
		};
		E4F0D6F62A6DB5FB0018FB4E /* swift-concurrency-by-exampleUITests */ = {
			isa = PBXNativeTarget;
			buildConfigurationList = E4F0D7072A6DB5FB0018FB4E /* Build configuration list for PBXNativeTarget "swift-concurrency-by-exampleUITests" */;
			buildPhases = (
				E4F0D6F32A6DB5FB0018FB4E /* Sources */,
				E4F0D6F42A6DB5FB0018FB4E /* Frameworks */,
				E4F0D6F52A6DB5FB0018FB4E /* Resources */,
			);
			buildRules = (
			);
			dependencies = (
				E4F0D6F92A6DB5FB0018FB4E /* PBXTargetDependency */,
			);
			name = "swift-concurrency-by-exampleUITests";
			productName = "swift-concurrency-by-exampleUITests";
			productReference = E4F0D6F72A6DB5FB0018FB4E /* swift-concurrency-by-exampleUITests.xctest */;
			productType = "com.apple.product-type.bundle.ui-testing";
		};
/* End PBXNativeTarget section */

/* Begin PBXProject section */
		E4F0D6D52A6DB5FA0018FB4E /* Project object */ = {
			isa = PBXProject;
			attributes = {
				BuildIndependentTargetsInParallel = 1;
				LastSwiftUpdateCheck = 1430;
				LastUpgradeCheck = 1430;
				TargetAttributes = {
					E4F0D6DC2A6DB5FA0018FB4E = {
						CreatedOnToolsVersion = 14.3.1;
					};
					E4F0D6EC2A6DB5FB0018FB4E = {
						CreatedOnToolsVersion = 14.3.1;
						TestTargetID = E4F0D6DC2A6DB5FA0018FB4E;
					};
					E4F0D6F62A6DB5FB0018FB4E = {
						CreatedOnToolsVersion = 14.3.1;
						TestTargetID = E4F0D6DC2A6DB5FA0018FB4E;
					};
				};
			};
			buildConfigurationList = E4F0D6D82A6DB5FA0018FB4E /* Build configuration list for PBXProject "swift-concurrency-by-example" */;
			compatibilityVersion = "Xcode 14.0";
			developmentRegion = en;
			hasScannedForEncodings = 0;
			knownRegions = (
				en,
				Base,
			);
			mainGroup = E4F0D6D42A6DB5FA0018FB4E;
			productRefGroup = E4F0D6DE2A6DB5FA0018FB4E /* Products */;
			projectDirPath = "";
			projectRoot = "";
			targets = (
				E4F0D6DC2A6DB5FA0018FB4E /* swift-concurrency-by-example */,
				E4F0D6EC2A6DB5FB0018FB4E /* swift-concurrency-by-exampleTests */,
				E4F0D6F62A6DB5FB0018FB4E /* swift-concurrency-by-exampleUITests */,
			);
		};
/* End PBXProject section */

/* Begin PBXResourcesBuildPhase section */
		E4F0D6DB2A6DB5FA0018FB4E /* Resources */ = {
			isa = PBXResourcesBuildPhase;
			buildActionMask = 2147483647;
			files = (
				E4F0D6E82A6DB5FB0018FB4E /* Preview Assets.xcassets in Resources */,
				E4F0D6E52A6DB5FB0018FB4E /* Assets.xcassets in Resources */,
			);
			runOnlyForDeploymentPostprocessing = 0;
		};
		E4F0D6EB2A6DB5FB0018FB4E /* Resources */ = {
			isa = PBXResourcesBuildPhase;
			buildActionMask = 2147483647;
			files = (
			);
			runOnlyForDeploymentPostprocessing = 0;
		};
		E4F0D6F52A6DB5FB0018FB4E /* Resources */ = {
			isa = PBXResourcesBuildPhase;
			buildActionMask = 2147483647;
			files = (
			);
			runOnlyForDeploymentPostprocessing = 0;
		};
/* End PBXResourcesBuildPhase section */

/* Begin PBXSourcesBuildPhase section */
		E4F0D6D92A6DB5FA0018FB4E /* Sources */ = {
			isa = PBXSourcesBuildPhase;
			buildActionMask = 2147483647;
			files = (
				E4F0D6E32A6DB5FA0018FB4E /* ContentView.swift in Sources */,
				E4F0D6E12A6DB5FA0018FB4E /* swift_concurrency_by_exampleApp.swift in Sources */,
				E4F0D7102A6DC38A0018FB4E /* Chapter2.swift in Sources */,
				E4F0D7122A6DC6320018FB4E /* ContentVIewModel.swift in Sources */,
				E4F0D70C2A6DBFCE0018FB4E /* Chapter1.swift in Sources */,
			);
			runOnlyForDeploymentPostprocessing = 0;
		};
		E4F0D6E92A6DB5FB0018FB4E /* Sources */ = {
			isa = PBXSourcesBuildPhase;
			buildActionMask = 2147483647;
			files = (
				E4F0D6F22A6DB5FB0018FB4E /* swift_concurrency_by_exampleTests.swift in Sources */,
			);
			runOnlyForDeploymentPostprocessing = 0;
		};
		E4F0D6F32A6DB5FB0018FB4E /* Sources */ = {
			isa = PBXSourcesBuildPhase;
			buildActionMask = 2147483647;
			files = (
				E4F0D6FE2A6DB5FB0018FB4E /* swift_concurrency_by_exampleUITestsLaunchTests.swift in Sources */,
				E4F0D6FC2A6DB5FB0018FB4E /* swift_concurrency_by_exampleUITests.swift in Sources */,
			);
			runOnlyForDeploymentPostprocessing = 0;
		};
/* End PBXSourcesBuildPhase section */

/* Begin PBXTargetDependency section */
		E4F0D6EF2A6DB5FB0018FB4E /* PBXTargetDependency */ = {
			isa = PBXTargetDependency;
			target = E4F0D6DC2A6DB5FA0018FB4E /* swift-concurrency-by-example */;
			targetProxy = E4F0D6EE2A6DB5FB0018FB4E /* PBXContainerItemProxy */;
		};
		E4F0D6F92A6DB5FB0018FB4E /* PBXTargetDependency */ = {
			isa = PBXTargetDependency;
			target = E4F0D6DC2A6DB5FA0018FB4E /* swift-concurrency-by-example */;
			targetProxy = E4F0D6F82A6DB5FB0018FB4E /* PBXContainerItemProxy */;
		};
/* End PBXTargetDependency section */

/* Begin XCBuildConfiguration section */
		E4F0D6FF2A6DB5FB0018FB4E /* Debug */ = {
			isa = XCBuildConfiguration;
			buildSettings = {
				ALWAYS_SEARCH_USER_PATHS = NO;
				CLANG_ANALYZER_NONNULL = YES;
				CLANG_ANALYZER_NUMBER_OBJECT_CONVERSION = YES_AGGRESSIVE;
				CLANG_CXX_LANGUAGE_STANDARD = "gnu++20";
				CLANG_ENABLE_MODULES = YES;
				CLANG_ENABLE_OBJC_ARC = YES;
				CLANG_ENABLE_OBJC_WEAK = YES;
				CLANG_WARN_BLOCK_CAPTURE_AUTORELEASING = YES;
				CLANG_WARN_BOOL_CONVERSION = YES;
				CLANG_WARN_COMMA = YES;
				CLANG_WARN_CONSTANT_CONVERSION = YES;
				CLANG_WARN_DEPRECATED_OBJC_IMPLEMENTATIONS = YES;
				CLANG_WARN_DIRECT_OBJC_ISA_USAGE = YES_ERROR;
				CLANG_WARN_DOCUMENTATION_COMMENTS = YES;
				CLANG_WARN_EMPTY_BODY = YES;
				CLANG_WARN_ENUM_CONVERSION = YES;
				CLANG_WARN_INFINITE_RECURSION = YES;
				CLANG_WARN_INT_CONVERSION = YES;
				CLANG_WARN_NON_LITERAL_NULL_CONVERSION = YES;
				CLANG_WARN_OBJC_IMPLICIT_RETAIN_SELF = YES;
				CLANG_WARN_OBJC_LITERAL_CONVERSION = YES;
				CLANG_WARN_OBJC_ROOT_CLASS = YES_ERROR;
				CLANG_WARN_QUOTED_INCLUDE_IN_FRAMEWORK_HEADER = YES;
				CLANG_WARN_RANGE_LOOP_ANALYSIS = YES;
				CLANG_WARN_STRICT_PROTOTYPES = YES;
				CLANG_WARN_SUSPICIOUS_MOVE = YES;
				CLANG_WARN_UNGUARDED_AVAILABILITY = YES_AGGRESSIVE;
				CLANG_WARN_UNREACHABLE_CODE = YES;
				CLANG_WARN__DUPLICATE_METHOD_MATCH = YES;
				COPY_PHASE_STRIP = NO;
				DEBUG_INFORMATION_FORMAT = dwarf;
				ENABLE_STRICT_OBJC_MSGSEND = YES;
				ENABLE_TESTABILITY = YES;
				GCC_C_LANGUAGE_STANDARD = gnu11;
				GCC_DYNAMIC_NO_PIC = NO;
				GCC_NO_COMMON_BLOCKS = YES;
				GCC_OPTIMIZATION_LEVEL = 0;
				GCC_PREPROCESSOR_DEFINITIONS = (
					"DEBUG=1",
					"$(inherited)",
				);
				GCC_WARN_64_TO_32_BIT_CONVERSION = YES;
				GCC_WARN_ABOUT_RETURN_TYPE = YES_ERROR;
				GCC_WARN_UNDECLARED_SELECTOR = YES;
				GCC_WARN_UNINITIALIZED_AUTOS = YES_AGGRESSIVE;
				GCC_WARN_UNUSED_FUNCTION = YES;
				GCC_WARN_UNUSED_VARIABLE = YES;
				IPHONEOS_DEPLOYMENT_TARGET = 16.4;
				MTL_ENABLE_DEBUG_INFO = INCLUDE_SOURCE;
				MTL_FAST_MATH = YES;
				ONLY_ACTIVE_ARCH = YES;
				SDKROOT = iphoneos;
				SWIFT_ACTIVE_COMPILATION_CONDITIONS = DEBUG;
				SWIFT_OPTIMIZATION_LEVEL = "-Onone";
			};
			name = Debug;
		};
		E4F0D7002A6DB5FB0018FB4E /* Release */ = {
			isa = XCBuildConfiguration;
			buildSettings = {
				ALWAYS_SEARCH_USER_PATHS = NO;
				CLANG_ANALYZER_NONNULL = YES;
				CLANG_ANALYZER_NUMBER_OBJECT_CONVERSION = YES_AGGRESSIVE;
				CLANG_CXX_LANGUAGE_STANDARD = "gnu++20";
				CLANG_ENABLE_MODULES = YES;
				CLANG_ENABLE_OBJC_ARC = YES;
				CLANG_ENABLE_OBJC_WEAK = YES;
				CLANG_WARN_BLOCK_CAPTURE_AUTORELEASING = YES;
				CLANG_WARN_BOOL_CONVERSION = YES;
				CLANG_WARN_COMMA = YES;
				CLANG_WARN_CONSTANT_CONVERSION = YES;
				CLANG_WARN_DEPRECATED_OBJC_IMPLEMENTATIONS = YES;
				CLANG_WARN_DIRECT_OBJC_ISA_USAGE = YES_ERROR;
				CLANG_WARN_DOCUMENTATION_COMMENTS = YES;
				CLANG_WARN_EMPTY_BODY = YES;
				CLANG_WARN_ENUM_CONVERSION = YES;
				CLANG_WARN_INFINITE_RECURSION = YES;
				CLANG_WARN_INT_CONVERSION = YES;
				CLANG_WARN_NON_LITERAL_NULL_CONVERSION = YES;
				CLANG_WARN_OBJC_IMPLICIT_RETAIN_SELF = YES;
				CLANG_WARN_OBJC_LITERAL_CONVERSION = YES;
				CLANG_WARN_OBJC_ROOT_CLASS = YES_ERROR;
				CLANG_WARN_QUOTED_INCLUDE_IN_FRAMEWORK_HEADER = YES;
				CLANG_WARN_RANGE_LOOP_ANALYSIS = YES;
				CLANG_WARN_STRICT_PROTOTYPES = YES;
				CLANG_WARN_SUSPICIOUS_MOVE = YES;
				CLANG_WARN_UNGUARDED_AVAILABILITY = YES_AGGRESSIVE;
				CLANG_WARN_UNREACHABLE_CODE = YES;
				CLANG_WARN__DUPLICATE_METHOD_MATCH = YES;
				COPY_PHASE_STRIP = NO;
				DEBUG_INFORMATION_FORMAT = "dwarf-with-dsym";
				ENABLE_NS_ASSERTIONS = NO;
				ENABLE_STRICT_OBJC_MSGSEND = YES;
				GCC_C_LANGUAGE_STANDARD = gnu11;
				GCC_NO_COMMON_BLOCKS = YES;
				GCC_WARN_64_TO_32_BIT_CONVERSION = YES;
				GCC_WARN_ABOUT_RETURN_TYPE = YES_ERROR;
				GCC_WARN_UNDECLARED_SELECTOR = YES;
				GCC_WARN_UNINITIALIZED_AUTOS = YES_AGGRESSIVE;
				GCC_WARN_UNUSED_FUNCTION = YES;
				GCC_WARN_UNUSED_VARIABLE = YES;
				IPHONEOS_DEPLOYMENT_TARGET = 16.4;
				MTL_ENABLE_DEBUG_INFO = NO;
				MTL_FAST_MATH = YES;
				SDKROOT = iphoneos;
				SWIFT_COMPILATION_MODE = wholemodule;
				SWIFT_OPTIMIZATION_LEVEL = "-O";
				VALIDATE_PRODUCT = YES;
			};
			name = Release;
		};
		E4F0D7022A6DB5FB0018FB4E /* Debug */ = {
			isa = XCBuildConfiguration;
			buildSettings = {
				ASSETCATALOG_COMPILER_APPICON_NAME = AppIcon;
				ASSETCATALOG_COMPILER_GLOBAL_ACCENT_COLOR_NAME = AccentColor;
				CODE_SIGN_STYLE = Automatic;
				CURRENT_PROJECT_VERSION = 1;
				DEVELOPMENT_ASSET_PATHS = "\"swift-concurrency-by-example/Preview Content\"";
				DEVELOPMENT_TEAM = A2HV83CQ65;
				ENABLE_PREVIEWS = YES;
				GENERATE_INFOPLIST_FILE = YES;
				INFOPLIST_KEY_UIApplicationSceneManifest_Generation = YES;
				INFOPLIST_KEY_UIApplicationSupportsIndirectInputEvents = YES;
				INFOPLIST_KEY_UILaunchScreen_Generation = YES;
				INFOPLIST_KEY_UISupportedInterfaceOrientations_iPad = "UIInterfaceOrientationPortrait UIInterfaceOrientationPortraitUpsideDown UIInterfaceOrientationLandscapeLeft UIInterfaceOrientationLandscapeRight";
				INFOPLIST_KEY_UISupportedInterfaceOrientations_iPhone = "UIInterfaceOrientationPortrait UIInterfaceOrientationLandscapeLeft UIInterfaceOrientationLandscapeRight";
				LD_RUNPATH_SEARCH_PATHS = (
					"$(inherited)",
					"@executable_path/Frameworks",
				);
				MARKETING_VERSION = 1.0;
				PRODUCT_BUNDLE_IDENTIFIER = "com.proastudios.swift-concurrency-by-example";
				PRODUCT_NAME = "$(TARGET_NAME)";
				SWIFT_EMIT_LOC_STRINGS = YES;
				SWIFT_VERSION = 5.0;
				TARGETED_DEVICE_FAMILY = "1,2";
			};
			name = Debug;
		};
		E4F0D7032A6DB5FB0018FB4E /* Release */ = {
			isa = XCBuildConfiguration;
			buildSettings = {
				ASSETCATALOG_COMPILER_APPICON_NAME = AppIcon;
				ASSETCATALOG_COMPILER_GLOBAL_ACCENT_COLOR_NAME = AccentColor;
				CODE_SIGN_STYLE = Automatic;
				CURRENT_PROJECT_VERSION = 1;
				DEVELOPMENT_ASSET_PATHS = "\"swift-concurrency-by-example/Preview Content\"";
				DEVELOPMENT_TEAM = A2HV83CQ65;
				ENABLE_PREVIEWS = YES;
				GENERATE_INFOPLIST_FILE = YES;
				INFOPLIST_KEY_UIApplicationSceneManifest_Generation = YES;
				INFOPLIST_KEY_UIApplicationSupportsIndirectInputEvents = YES;
				INFOPLIST_KEY_UILaunchScreen_Generation = YES;
				INFOPLIST_KEY_UISupportedInterfaceOrientations_iPad = "UIInterfaceOrientationPortrait UIInterfaceOrientationPortraitUpsideDown UIInterfaceOrientationLandscapeLeft UIInterfaceOrientationLandscapeRight";
				INFOPLIST_KEY_UISupportedInterfaceOrientations_iPhone = "UIInterfaceOrientationPortrait UIInterfaceOrientationLandscapeLeft UIInterfaceOrientationLandscapeRight";
				LD_RUNPATH_SEARCH_PATHS = (
					"$(inherited)",
					"@executable_path/Frameworks",
				);
				MARKETING_VERSION = 1.0;
				PRODUCT_BUNDLE_IDENTIFIER = "com.proastudios.swift-concurrency-by-example";
				PRODUCT_NAME = "$(TARGET_NAME)";
				SWIFT_EMIT_LOC_STRINGS = YES;
				SWIFT_VERSION = 5.0;
				TARGETED_DEVICE_FAMILY = "1,2";
			};
			name = Release;
		};
		E4F0D7052A6DB5FB0018FB4E /* Debug */ = {
			isa = XCBuildConfiguration;
			buildSettings = {
				ALWAYS_EMBED_SWIFT_STANDARD_LIBRARIES = YES;
				BUNDLE_LOADER = "$(TEST_HOST)";
				CODE_SIGN_STYLE = Automatic;
				CURRENT_PROJECT_VERSION = 1;
				DEVELOPMENT_TEAM = A2HV83CQ65;
				GENERATE_INFOPLIST_FILE = YES;
				IPHONEOS_DEPLOYMENT_TARGET = 16.4;
				MARKETING_VERSION = 1.0;
				PRODUCT_BUNDLE_IDENTIFIER = "com.proastudios.swift-concurrency-by-exampleTests";
				PRODUCT_NAME = "$(TARGET_NAME)";
				SWIFT_EMIT_LOC_STRINGS = NO;
				SWIFT_VERSION = 5.0;
				TARGETED_DEVICE_FAMILY = "1,2";
				TEST_HOST = "$(BUILT_PRODUCTS_DIR)/swift-concurrency-by-example.app/$(BUNDLE_EXECUTABLE_FOLDER_PATH)/swift-concurrency-by-example";
			};
			name = Debug;
		};
		E4F0D7062A6DB5FB0018FB4E /* Release */ = {
			isa = XCBuildConfiguration;
			buildSettings = {
				ALWAYS_EMBED_SWIFT_STANDARD_LIBRARIES = YES;
				BUNDLE_LOADER = "$(TEST_HOST)";
				CODE_SIGN_STYLE = Automatic;
				CURRENT_PROJECT_VERSION = 1;
				DEVELOPMENT_TEAM = A2HV83CQ65;
				GENERATE_INFOPLIST_FILE = YES;
				IPHONEOS_DEPLOYMENT_TARGET = 16.4;
				MARKETING_VERSION = 1.0;
				PRODUCT_BUNDLE_IDENTIFIER = "com.proastudios.swift-concurrency-by-exampleTests";
				PRODUCT_NAME = "$(TARGET_NAME)";
				SWIFT_EMIT_LOC_STRINGS = NO;
				SWIFT_VERSION = 5.0;
				TARGETED_DEVICE_FAMILY = "1,2";
				TEST_HOST = "$(BUILT_PRODUCTS_DIR)/swift-concurrency-by-example.app/$(BUNDLE_EXECUTABLE_FOLDER_PATH)/swift-concurrency-by-example";
			};
			name = Release;
		};
		E4F0D7082A6DB5FB0018FB4E /* Debug */ = {
			isa = XCBuildConfiguration;
			buildSettings = {
				ALWAYS_EMBED_SWIFT_STANDARD_LIBRARIES = YES;
				CODE_SIGN_STYLE = Automatic;
				CURRENT_PROJECT_VERSION = 1;
				DEVELOPMENT_TEAM = A2HV83CQ65;
				GENERATE_INFOPLIST_FILE = YES;
				MARKETING_VERSION = 1.0;
				PRODUCT_BUNDLE_IDENTIFIER = "com.proastudios.swift-concurrency-by-exampleUITests";
				PRODUCT_NAME = "$(TARGET_NAME)";
				SWIFT_EMIT_LOC_STRINGS = NO;
				SWIFT_VERSION = 5.0;
				TARGETED_DEVICE_FAMILY = "1,2";
				TEST_TARGET_NAME = "swift-concurrency-by-example";
			};
			name = Debug;
		};
		E4F0D7092A6DB5FB0018FB4E /* Release */ = {
			isa = XCBuildConfiguration;
			buildSettings = {
				ALWAYS_EMBED_SWIFT_STANDARD_LIBRARIES = YES;
				CODE_SIGN_STYLE = Automatic;
				CURRENT_PROJECT_VERSION = 1;
				DEVELOPMENT_TEAM = A2HV83CQ65;
				GENERATE_INFOPLIST_FILE = YES;
				MARKETING_VERSION = 1.0;
				PRODUCT_BUNDLE_IDENTIFIER = "com.proastudios.swift-concurrency-by-exampleUITests";
				PRODUCT_NAME = "$(TARGET_NAME)";
				SWIFT_EMIT_LOC_STRINGS = NO;
				SWIFT_VERSION = 5.0;
				TARGETED_DEVICE_FAMILY = "1,2";
				TEST_TARGET_NAME = "swift-concurrency-by-example";
			};
			name = Release;
		};
/* End XCBuildConfiguration section */

/* Begin XCConfigurationList section */
		E4F0D6D82A6DB5FA0018FB4E /* Build configuration list for PBXProject "swift-concurrency-by-example" */ = {
			isa = XCConfigurationList;
			buildConfigurations = (
				E4F0D6FF2A6DB5FB0018FB4E /* Debug */,
				E4F0D7002A6DB5FB0018FB4E /* Release */,
			);
			defaultConfigurationIsVisible = 0;
			defaultConfigurationName = Release;
		};
		E4F0D7012A6DB5FB0018FB4E /* Build configuration list for PBXNativeTarget "swift-concurrency-by-example" */ = {
			isa = XCConfigurationList;
			buildConfigurations = (
				E4F0D7022A6DB5FB0018FB4E /* Debug */,
				E4F0D7032A6DB5FB0018FB4E /* Release */,
			);
			defaultConfigurationIsVisible = 0;
			defaultConfigurationName = Release;
		};
		E4F0D7042A6DB5FB0018FB4E /* Build configuration list for PBXNativeTarget "swift-concurrency-by-exampleTests" */ = {
			isa = XCConfigurationList;
			buildConfigurations = (
				E4F0D7052A6DB5FB0018FB4E /* Debug */,
				E4F0D7062A6DB5FB0018FB4E /* Release */,
			);
			defaultConfigurationIsVisible = 0;
			defaultConfigurationName = Release;
		};
		E4F0D7072A6DB5FB0018FB4E /* Build configuration list for PBXNativeTarget "swift-concurrency-by-exampleUITests" */ = {
			isa = XCConfigurationList;
			buildConfigurations = (
				E4F0D7082A6DB5FB0018FB4E /* Debug */,
				E4F0D7092A6DB5FB0018FB4E /* Release */,
			);
			defaultConfigurationIsVisible = 0;
			defaultConfigurationName = Release;
		};
/* End XCConfigurationList section */
	};
	rootObject = E4F0D6D52A6DB5FA0018FB4E /* Project object */;
}
